Microsoft Visual Studio Solution File, Format Version 12.00
# Visual Studio Version 16
VisualStudioVersion = 16.0.30907.101
MinimumVisualStudioVersion = 10.0.40219.1
Project("{9A19103F-16F7-4668-BE54-9A1E7A4F7556}") = "Spreadsheet", "Spreadsheet\Spreadsheet.csproj", "{03381C65-F428-42D7-B582-8CEF2FE495C8}"
EndProject
Project("{2150E333-8FDC-42A3-9474-1A3956D46DE8}") = "Solution Items", "Solution Items", "{808F903C-00A2-4BE7-83BB-8B2E7977DC00}"
	ProjectSection(SolutionItems) = preProject
		.editorconfig = .editorconfig
		Directory.Build.props = Directory.Build.props
		stylecop.json = stylecop.json
	EndProjectSection
EndProject
Project("{9A19103F-16F7-4668-BE54-9A1E7A4F7556}") = "SpreadsheetEngine", "SpreadsheetEngine\SpreadsheetEngine.csproj", "{F70CF450-D909-4AF9-836A-7D7D4E679631}"
EndProject
Project("{9A19103F-16F7-4668-BE54-9A1E7A4F7556}") = "SpreadsheetEngine.Tests", "SpreadsheetEngine.Tests\SpreadsheetEngine.Tests.csproj", "{0F495D80-42B5-4874-AABA-3B40A081ED1A}"
EndProject
Project("{C7167F0D-BC9F-4E6E-AFE1-012C56B48DB5}") = "WindowsPackagingProject", "WindowsPackagingProject\WindowsPackagingProject.wapproj", "{84C874F4-A7DF-482B-856B-317F5B45176C}"
EndProject
Project("{9A19103F-16F7-4668-BE54-9A1E7A4F7556}") = "SpreadsheetApp.Tests", "SpreadsheetApp.Tests\SpreadsheetApp.Tests.csproj", "{2BB3C09C-7066-422B-BA4E-933A49E4D8AE}"
EndProject
Global
	GlobalSection(SolutionConfigurationPlatforms) = preSolution
		Debug|Any CPU = Debug|Any CPU
		Debug|ARM = Debug|ARM
		Debug|ARM64 = Debug|ARM64
		Debug|x64 = Debug|x64
		Debug|x86 = Debug|x86
		Release|Any CPU = Release|Any CPU
		Release|ARM = Release|ARM
		Release|ARM64 = Release|ARM64
		Release|x64 = Release|x64
		Release|x86 = Release|x86
	EndGlobalSection
	GlobalSection(ProjectConfigurationPlatforms) = postSolution
		{03381C65-F428-42D7-B582-8CEF2FE495C8}.Debug|Any CPU.ActiveCfg = Debug|Any CPU
		{03381C65-F428-42D7-B582-8CEF2FE495C8}.Debug|Any CPU.Build.0 = Debug|Any CPU
		{03381C65-F428-42D7-B582-8CEF2FE495C8}.Debug|ARM.ActiveCfg = Debug|Any CPU
		{03381C65-F428-42D7-B582-8CEF2FE495C8}.Debug|ARM.Build.0 = Debug|Any CPU
		{03381C65-F428-42D7-B582-8CEF2FE495C8}.Debug|ARM64.ActiveCfg = Debug|Any CPU
		{03381C65-F428-42D7-B582-8CEF2FE495C8}.Debug|ARM64.Build.0 = Debug|Any CPU
		{03381C65-F428-42D7-B582-8CEF2FE495C8}.Debug|x64.ActiveCfg = Debug|Any CPU
		{03381C65-F428-42D7-B582-8CEF2FE495C8}.Debug|x64.Build.0 = Debug|Any CPU
		{03381C65-F428-42D7-B582-8CEF2FE495C8}.Debug|x86.ActiveCfg = Debug|Any CPU
		{03381C65-F428-42D7-B582-8CEF2FE495C8}.Debug|x86.Build.0 = Debug|Any CPU
		{03381C65-F428-42D7-B582-8CEF2FE495C8}.Release|Any CPU.ActiveCfg = Release|Any CPU
		{03381C65-F428-42D7-B582-8CEF2FE495C8}.Release|Any CPU.Build.0 = Release|Any CPU
		{03381C65-F428-42D7-B582-8CEF2FE495C8}.Release|ARM.ActiveCfg = Release|Any CPU
		{03381C65-F428-42D7-B582-8CEF2FE495C8}.Release|ARM.Build.0 = Release|Any CPU
		{03381C65-F428-42D7-B582-8CEF2FE495C8}.Release|ARM64.ActiveCfg = Release|Any CPU
		{03381C65-F428-42D7-B582-8CEF2FE495C8}.Release|ARM64.Build.0 = Release|Any CPU
		{03381C65-F428-42D7-B582-8CEF2FE495C8}.Release|x64.ActiveCfg = Release|Any CPU
		{03381C65-F428-42D7-B582-8CEF2FE495C8}.Release|x64.Build.0 = Release|Any CPU
		{03381C65-F428-42D7-B582-8CEF2FE495C8}.Release|x86.ActiveCfg = Release|Any CPU
		{03381C65-F428-42D7-B582-8CEF2FE495C8}.Release|x86.Build.0 = Release|Any CPU
		{F70CF450-D909-4AF9-836A-7D7D4E679631}.Debug|Any CPU.ActiveCfg = Debug|Any CPU
		{F70CF450-D909-4AF9-836A-7D7D4E679631}.Debug|Any CPU.Build.0 = Debug|Any CPU
		{F70CF450-D909-4AF9-836A-7D7D4E679631}.Debug|ARM.ActiveCfg = Debug|Any CPU
		{F70CF450-D909-4AF9-836A-7D7D4E679631}.Debug|ARM.Build.0 = Debug|Any CPU
		{F70CF450-D909-4AF9-836A-7D7D4E679631}.Debug|ARM64.ActiveCfg = Debug|Any CPU
		{F70CF450-D909-4AF9-836A-7D7D4E679631}.Debug|ARM64.Build.0 = Debug|Any CPU
		{F70CF450-D909-4AF9-836A-7D7D4E679631}.Debug|x64.ActiveCfg = Debug|Any CPU
		{F70CF450-D909-4AF9-836A-7D7D4E679631}.Debug|x64.Build.0 = Debug|Any CPU
		{F70CF450-D909-4AF9-836A-7D7D4E679631}.Debug|x86.ActiveCfg = Debug|Any CPU
		{F70CF450-D909-4AF9-836A-7D7D4E679631}.Debug|x86.Build.0 = Debug|Any CPU
		{F70CF450-D909-4AF9-836A-7D7D4E679631}.Release|Any CPU.ActiveCfg = Release|Any CPU
		{F70CF450-D909-4AF9-836A-7D7D4E679631}.Release|Any CPU.Build.0 = Release|Any CPU
		{F70CF450-D909-4AF9-836A-7D7D4E679631}.Release|ARM.ActiveCfg = Release|Any CPU
		{F70CF450-D909-4AF9-836A-7D7D4E679631}.Release|ARM.Build.0 = Release|Any CPU
		{F70CF450-D909-4AF9-836A-7D7D4E679631}.Release|ARM64.ActiveCfg = Release|Any CPU
		{F70CF450-D909-4AF9-836A-7D7D4E679631}.Release|ARM64.Build.0 = Release|Any CPU
		{F70CF450-D909-4AF9-836A-7D7D4E679631}.Release|x64.ActiveCfg = Release|Any CPU
		{F70CF450-D909-4AF9-836A-7D7D4E679631}.Release|x64.Build.0 = Release|Any CPU
		{F70CF450-D909-4AF9-836A-7D7D4E679631}.Release|x86.ActiveCfg = Release|Any CPU
		{F70CF450-D909-4AF9-836A-7D7D4E679631}.Release|x86.Build.0 = Release|Any CPU
		{0F495D80-42B5-4874-AABA-3B40A081ED1A}.Debug|Any CPU.ActiveCfg = Debug|Any CPU
		{0F495D80-42B5-4874-AABA-3B40A081ED1A}.Debug|Any CPU.Build.0 = Debug|Any CPU
		{0F495D80-42B5-4874-AABA-3B40A081ED1A}.Debug|ARM.ActiveCfg = Debug|Any CPU
		{0F495D80-42B5-4874-AABA-3B40A081ED1A}.Debug|ARM.Build.0 = Debug|Any CPU
		{0F495D80-42B5-4874-AABA-3B40A081ED1A}.Debug|ARM64.ActiveCfg = Debug|Any CPU
		{0F495D80-42B5-4874-AABA-3B40A081ED1A}.Debug|ARM64.Build.0 = Debug|Any CPU
		{0F495D80-42B5-4874-AABA-3B40A081ED1A}.Debug|x64.ActiveCfg = Debug|Any CPU
		{0F495D80-42B5-4874-AABA-3B40A081ED1A}.Debug|x64.Build.0 = Debug|Any CPU
		{0F495D80-42B5-4874-AABA-3B40A081ED1A}.Debug|x86.ActiveCfg = Debug|Any CPU
		{0F495D80-42B5-4874-AABA-3B40A081ED1A}.Debug|x86.Build.0 = Debug|Any CPU
		{0F495D80-42B5-4874-AABA-3B40A081ED1A}.Release|Any CPU.ActiveCfg = Release|Any CPU
		{0F495D80-42B5-4874-AABA-3B40A081ED1A}.Release|Any CPU.Build.0 = Release|Any CPU
		{0F495D80-42B5-4874-AABA-3B40A081ED1A}.Release|ARM.ActiveCfg = Release|Any CPU
		{0F495D80-42B5-4874-AABA-3B40A081ED1A}.Release|ARM.Build.0 = Release|Any CPU
		{0F495D80-42B5-4874-AABA-3B40A081ED1A}.Release|ARM64.ActiveCfg = Release|Any CPU
		{0F495D80-42B5-4874-AABA-3B40A081ED1A}.Release|ARM64.Build.0 = Release|Any CPU
		{0F495D80-42B5-4874-AABA-3B40A081ED1A}.Release|x64.ActiveCfg = Release|Any CPU
		{0F495D80-42B5-4874-AABA-3B40A081ED1A}.Release|x64.Build.0 = Release|Any CPU
		{0F495D80-42B5-4874-AABA-3B40A081ED1A}.Release|x86.ActiveCfg = Release|Any CPU
		{0F495D80-42B5-4874-AABA-3B40A081ED1A}.Release|x86.Build.0 = Release|Any CPU
		{84C874F4-A7DF-482B-856B-317F5B45176C}.Debug|Any CPU.ActiveCfg = Debug|Any CPU
		{84C874F4-A7DF-482B-856B-317F5B45176C}.Debug|Any CPU.Build.0 = Debug|Any CPU
		{84C874F4-A7DF-482B-856B-317F5B45176C}.Debug|Any CPU.Deploy.0 = Debug|Any CPU
		{84C874F4-A7DF-482B-856B-317F5B45176C}.Debug|ARM.ActiveCfg = Debug|ARM
		{84C874F4-A7DF-482B-856B-317F5B45176C}.Debug|ARM.Build.0 = Debug|ARM
		{84C874F4-A7DF-482B-856B-317F5B45176C}.Debug|ARM.Deploy.0 = Debug|ARM
		{84C874F4-A7DF-482B-856B-317F5B45176C}.Debug|ARM64.ActiveCfg = Debug|ARM64
		{84C874F4-A7DF-482B-856B-317F5B45176C}.Debug|ARM64.Build.0 = Debug|ARM64
		{84C874F4-A7DF-482B-856B-317F5B45176C}.Debug|ARM64.Deploy.0 = Debug|ARM64
		{84C874F4-A7DF-482B-856B-317F5B45176C}.Debug|x64.ActiveCfg = Debug|x64
		{84C874F4-A7DF-482B-856B-317F5B45176C}.Debug|x64.Build.0 = Debug|x64
		{84C874F4-A7DF-482B-856B-317F5B45176C}.Debug|x64.Deploy.0 = Debug|x64
		{84C874F4-A7DF-482B-856B-317F5B45176C}.Debug|x86.ActiveCfg = Debug|x86
		{84C874F4-A7DF-482B-856B-317F5B45176C}.Debug|x86.Build.0 = Debug|x86
		{84C874F4-A7DF-482B-856B-317F5B45176C}.Debug|x86.Deploy.0 = Debug|x86
		{84C874F4-A7DF-482B-856B-317F5B45176C}.Release|Any CPU.ActiveCfg = Release|Any CPU
		{84C874F4-A7DF-482B-856B-317F5B45176C}.Release|Any CPU.Build.0 = Release|Any CPU
		{84C874F4-A7DF-482B-856B-317F5B45176C}.Release|Any CPU.Deploy.0 = Release|Any CPU
		{84C874F4-A7DF-482B-856B-317F5B45176C}.Release|ARM.ActiveCfg = Release|ARM
		{84C874F4-A7DF-482B-856B-317F5B45176C}.Release|ARM.Build.0 = Release|ARM
		{84C874F4-A7DF-482B-856B-317F5B45176C}.Release|ARM.Deploy.0 = Release|ARM
		{84C874F4-A7DF-482B-856B-317F5B45176C}.Release|ARM64.ActiveCfg = Release|ARM64
		{84C874F4-A7DF-482B-856B-317F5B45176C}.Release|ARM64.Build.0 = Release|ARM64
		{84C874F4-A7DF-482B-856B-317F5B45176C}.Release|ARM64.Deploy.0 = Release|ARM64
		{84C874F4-A7DF-482B-856B-317F5B45176C}.Release|x64.ActiveCfg = Release|x64
		{84C874F4-A7DF-482B-856B-317F5B45176C}.Release|x64.Build.0 = Release|x64
		{84C874F4-A7DF-482B-856B-317F5B45176C}.Release|x64.Deploy.0 = Release|x64
		{84C874F4-A7DF-482B-856B-317F5B45176C}.Release|x86.ActiveCfg = Release|x86
		{84C874F4-A7DF-482B-856B-317F5B45176C}.Release|x86.Build.0 = Release|x86
		{84C874F4-A7DF-482B-856B-317F5B45176C}.Release|x86.Deploy.0 = Release|x86
		{2BB3C09C-7066-422B-BA4E-933A49E4D8AE}.Debug|Any CPU.ActiveCfg = Debug|Any CPU
		{2BB3C09C-7066-422B-BA4E-933A49E4D8AE}.Debug|Any CPU.Build.0 = Debug|Any CPU
		{2BB3C09C-7066-422B-BA4E-933A49E4D8AE}.Debug|ARM.ActiveCfg = Debug|Any CPU
		{2BB3C09C-7066-422B-BA4E-933A49E4D8AE}.Debug|ARM.Build.0 = Debug|Any CPU
		{2BB3C09C-7066-422B-BA4E-933A49E4D8AE}.Debug|ARM64.ActiveCfg = Debug|Any CPU
		{2BB3C09C-7066-422B-BA4E-933A49E4D8AE}.Debug|ARM64.Build.0 = Debug|Any CPU
		{2BB3C09C-7066-422B-BA4E-933A49E4D8AE}.Debug|x64.ActiveCfg = Debug|Any CPU
		{2BB3C09C-7066-422B-BA4E-933A49E4D8AE}.Debug|x64.Build.0 = Debug|Any CPU
		{2BB3C09C-7066-422B-BA4E-933A49E4D8AE}.Debug|x86.ActiveCfg = Debug|Any CPU
		{2BB3C09C-7066-422B-BA4E-933A49E4D8AE}.Debug|x86.Build.0 = Debug|Any CPU
		{2BB3C09C-7066-422B-BA4E-933A49E4D8AE}.Release|Any CPU.ActiveCfg = Release|Any CPU
		{2BB3C09C-7066-422B-BA4E-933A49E4D8AE}.Release|Any CPU.Build.0 = Release|Any CPU
		{2BB3C09C-7066-422B-BA4E-933A49E4D8AE}.Release|ARM.ActiveCfg = Release|Any CPU
		{2BB3C09C-7066-422B-BA4E-933A49E4D8AE}.Release|ARM.Build.0 = Release|Any CPU
		{2BB3C09C-7066-422B-BA4E-933A49E4D8AE}.Release|ARM64.ActiveCfg = Release|Any CPU
		{2BB3C09C-7066-422B-BA4E-933A49E4D8AE}.Release|ARM64.Build.0 = Release|Any CPU
		{2BB3C09C-7066-422B-BA4E-933A49E4D8AE}.Release|x64.ActiveCfg = Release|Any CPU
		{2BB3C09C-7066-422B-BA4E-933A49E4D8AE}.Release|x64.Build.0 = Release|Any CPU
		{2BB3C09C-7066-422B-BA4E-933A49E4D8AE}.Release|x86.ActiveCfg = Release|Any CPU
		{2BB3C09C-7066-422B-BA4E-933A49E4D8AE}.Release|x86.Build.0 = Release|Any CPU
	EndGlobalSection
	GlobalSection(SolutionProperties) = preSolution
		HideSolutionNode = FALSE
	EndGlobalSection
	GlobalSection(ExtensibilityGlobals) = postSolution
		SolutionGuid = {031108A4-3F0B-48D1-B8CF-9C7DA1BA96C9}
	EndGlobalSection
EndGlobal
